{
  "name": "npm",
  "version": "1.0.0",
  "lockfileVersion": 3,
  "requires": true,
  "packages": {
    "": {
      "name": "npm",
      "version": "1.0.0",
      "license": "ISC",
      "dependencies": {
        "leveling_square": "^1.0.0"
      }
    },
    "node_modules/leveling_square": {
      "version": "1.0.0",
      "resolved": "https://registry.npmjs.org/leveling_square/-/leveling_square-1.0.0.tgz",
      "integrity": "sha512-KEF/1IY324vuZuGwKMmolUYDK4BXPjPg0H0LgM83WtbZvcgrAvLemFnSjldgLMmSHguYZTAEJ/XyZKeHraiG2w=="
    }
  }
}
